
Microsoft Visual Studio Solution File, Format Version 12.00
# Visual Studio Version 17
VisualStudioVersion = 17.5.33424.131
MinimumVisualStudioVersion = 10.0.40219.1
Project("{8BC9CEB8-8B4A-11D0-8D11-00A0C91BC942}") = "DataStructure_SHU", "DataStructure_SHU.vcxproj", "{2D91FD62-1634-410D-84D1-E6A46C97C360}"
EndProject
Global
	GlobalSection(SolutionConfigurationPlatforms) = preSolution
		Debug|x64 = Debug|x64
		Debug|x86 = Debug|x86
		Release|x64 = Release|x64
		Release|x86 = Release|x86
	EndGlobalSection
	GlobalSection(ProjectConfigurationPlatforms) = postSolution
		{2D91FD62-1634-410D-84D1-E6A46C97C360}.Debug|x64.ActiveCfg = Debug|x64
		{2D91FD62-1634-410D-84D1-E6A46C97C360}.Debug|x64.Build.0 = Debug|x64
		{2D91FD62-1634-410D-84D1-E6A46C97C360}.Debug|x86.ActiveCfg = Debug|Win32
		{2D91FD62-1634-410D-84D1-E6A46C97C360}.Debug|x86.Build.0 = Debug|Win32
		{2D91FD62-1634-410D-84D1-E6A46C97C360}.Release|x64.ActiveCfg = Release|x64
		{2D91FD62-1634-410D-84D1-E6A46C97C360}.Release|x64.Build.0 = Release|x64
		{2D91FD62-1634-410D-84D1-E6A46C97C360}.Release|x86.ActiveCfg = Release|Win32
		{2D91FD62-1634-410D-84D1-E6A46C97C360}.Release|x86.Build.0 = Release|Win32
	EndGlobalSection
	GlobalSection(SolutionProperties) = preSolution
		HideSolutionNode = FALSE
	EndGlobalSection
	GlobalSection(ExtensibilityGlobals) = postSolution
		SolutionGuid = {22AB3D41-EAE8-4E98-A945-777DA924E9EF}
	EndGlobalSection
EndGlobal
