<?xml version="1.0" encoding="utf-8"?>
<Project ToolsVersion="4.0" xmlns="http://schemas.microsoft.com/developer/msbuild/2003">
  <ItemGroup>
    <Filter Include="Source Files">
      <UniqueIdentifier>{4FC737F1-C7A5-4376-A066-2A32D752A2FF}</UniqueIdentifier>
      <Extensions>cpp;c;cc;cxx;c++;cppm;ixx;def;odl;idl;hpj;bat;asm;asmx</Extensions>
    </Filter>
    <Filter Include="Header Files">
      <UniqueIdentifier>{93995380-89BD-4b04-88EB-625FBE52EBFB}</UniqueIdentifier>
      <Extensions>h;hh;hpp;hxx;h++;hm;inl;inc;ipp;xsd</Extensions>
    </Filter>
    <Filter Include="Resource Files">
      <UniqueIdentifier>{67DA6AB6-F800-4c08-8B7A-83BB121AAD01}</UniqueIdentifier>
      <Extensions>rc;ico;cur;bmp;dlg;rc2;rct;bin;rgs;gif;jpg;jpeg;jpe;resx;tiff;tif;png;wav;mfcribbon-ms</Extensions>
    </Filter>
  </ItemGroup>
  <ItemGroup>
    <ClInclude Include="04_Stack_Queue\Queue\arrayQueue.h">
      <Filter>Header Files</Filter>
    </ClInclude>
    <ClInclude Include="04_Stack_Queue\Queue\myExceptions.h">
      <Filter>Header Files</Filter>
    </ClInclude>
    <ClInclude Include="04_Stack_Queue\Queue\queue.h">
      <Filter>Header Files</Filter>
    </ClInclude>
    <ClInclude Include="04_Stack_Queue\Stack\arrayStack.h">
      <Filter>Header Files</Filter>
    </ClInclude>
    <ClInclude Include="04_Stack_Queue\Stack\linkedStack.h">
      <Filter>Header Files</Filter>
    </ClInclude>
    <ClInclude Include="04_Stack_Queue\Stack\myExceptions.h">
      <Filter>Header Files</Filter>
    </ClInclude>
    <ClInclude Include="04_Stack_Queue\Stack\stack.h">
      <Filter>Header Files</Filter>
    </ClInclude>
    <ClInclude Include="05_String_Array_List\String\ChangeLength1D.h">
      <Filter>Header Files</Filter>
    </ClInclude>
    <ClInclude Include="05_String_Array_List\String\KMP.h">
      <Filter>Header Files</Filter>
    </ClInclude>
    <ClInclude Include="05_String_Array_List\String\String.h">
      <Filter>Header Files</Filter>
    </ClInclude>
    <ClInclude Include="06_Tree_Forest\.Tutor_LinkedBinaryTree\LBinTree.h">
      <Filter>Header Files</Filter>
    </ClInclude>
    <ClInclude Include="06_Tree_Forest\ArrayBinaryTree\ArrayBinaryTree.h">
      <Filter>Header Files</Filter>
    </ClInclude>
    <ClInclude Include="06_Tree_Forest\ArrayBinaryTree\BInaryTree.h">
      <Filter>Header Files</Filter>
    </ClInclude>
    <ClInclude Include="06_Tree_Forest\DisjointSetUnion\DSU.h">
      <Filter>Header Files</Filter>
    </ClInclude>
    <ClInclude Include="06_Tree_Forest\LinkedBinaryTree\BInaryTree.h">
      <Filter>Header Files</Filter>
    </ClInclude>
    <ClInclude Include="06_Tree_Forest\LinkedBinaryTree\BinaryTreeNode.h">
      <Filter>Header Files</Filter>
    </ClInclude>
    <ClInclude Include="06_Tree_Forest\LinkedBinaryTree\LinkedBinaryTree.h">
      <Filter>Header Files</Filter>
    </ClInclude>
    <ClInclude Include="06_Tree_Forest\PriorityQueue\maxHBLT.h">
      <Filter>Header Files</Filter>
    </ClInclude>
    <ClInclude Include="06_Tree_Forest\PriorityQueue\MaxHeap.h">
      <Filter>Header Files</Filter>
    </ClInclude>
    <ClInclude Include="06_Tree_Forest\PriorityQueue\MinHeap.h">
      <Filter>Header Files</Filter>
    </ClInclude>
    <ClInclude Include="06_Tree_Forest\PriorityQueue\myExceptions.h">
      <Filter>Header Files</Filter>
    </ClInclude>
    <ClInclude Include="06_Tree_Forest\PriorityQueue\PriorityQueue.h">
      <Filter>Header Files</Filter>
    </ClInclude>
    <ClInclude Include="07_Graph\Graph.h">
      <Filter>Header Files</Filter>
    </ClInclude>
    <ClInclude Include="07_Graph\Graph_AM\Graph_AM.h">
      <Filter>Header Files</Filter>
    </ClInclude>
    <ClInclude Include="Graph\Graph_Common\Graph.h">
      <Filter>Header Files</Filter>
    </ClInclude>
    <ClInclude Include="Graph\Graph_Link\Graph_Link.h">
      <Filter>Header Files</Filter>
    </ClInclude>
    <ClInclude Include="SkipList_Hash\header\ArrayList.h">
      <Filter>Header Files</Filter>
    </ClInclude>
    <ClInclude Include="SkipList_Hash\header\Dictionary.h">
      <Filter>Header Files</Filter>
    </ClInclude>
    <ClInclude Include="SkipList_Hash\header\DIterator.h">
      <Filter>Header Files</Filter>
    </ClInclude>
    <ClInclude Include="SkipList_Hash\header\HashChains.h">
      <Filter>Header Files</Filter>
    </ClInclude>
    <ClInclude Include="SkipList_Hash\header\HashTable.h">
      <Filter>Header Files</Filter>
    </ClInclude>
    <ClInclude Include="SkipList_Hash\header\HashTable_QuadraticProbing.h">
      <Filter>Header Files</Filter>
    </ClInclude>
    <ClInclude Include="SkipList_Hash\header\Iterator.h">
      <Filter>Header Files</Filter>
    </ClInclude>
    <ClInclude Include="SkipList_Hash\header\LinearList.h">
      <Filter>Header Files</Filter>
    </ClInclude>
    <ClInclude Include="SkipList_Hash\header\LZW_compression.h">
      <Filter>Header Files</Filter>
    </ClInclude>
    <ClInclude Include="SkipList_Hash\header\myexception.h">
      <Filter>Header Files</Filter>
    </ClInclude>
    <ClInclude Include="SkipList_Hash\header\SkipList.h">
      <Filter>Header Files</Filter>
    </ClInclude>
    <ClInclude Include="SkipList_Hash\header\SortedArrayList.h">
      <Filter>Header Files</Filter>
    </ClInclude>
    <ClInclude Include="SkipList_Hash\header\SortedChain.h">
      <Filter>Header Files</Filter>
    </ClInclude>
    <ClInclude Include="03_LinearList\ArrayList\arrayList.h">
      <Filter>Header Files</Filter>
    </ClInclude>
    <ClInclude Include="03_LinearList\ArrayList\arrayListWithIterator.h">
      <Filter>Header Files</Filter>
    </ClInclude>
    <ClInclude Include="03_LinearList\ArrayList\changeLength1D.h">
      <Filter>Header Files</Filter>
    </ClInclude>
    <ClInclude Include="03_LinearList\ArrayList\linearList.h">
      <Filter>Header Files</Filter>
    </ClInclude>
    <ClInclude Include="03_LinearList\ArrayList\myExceptions.h">
      <Filter>Header Files</Filter>
    </ClInclude>
    <ClInclude Include="03_LinearList\ChainList\chain.h">
      <Filter>Header Files</Filter>
    </ClInclude>
    <ClInclude Include="03_LinearList\ChainList\chainNode.h">
      <Filter>Header Files</Filter>
    </ClInclude>
    <ClInclude Include="03_LinearList\ChainList\chainWithBinSort.h">
      <Filter>Header Files</Filter>
    </ClInclude>
    <ClInclude Include="03_LinearList\ChainList\chainWithIterator.h">
      <Filter>Header Files</Filter>
    </ClInclude>
    <ClInclude Include="03_LinearList\ChainList\circularListWithHeader.h">
      <Filter>Header Files</Filter>
    </ClInclude>
    <ClInclude Include="03_LinearList\ChainList\dChainWithIt.h">
      <Filter>Header Files</Filter>
    </ClInclude>
    <ClInclude Include="03_LinearList\ChainList\linearList.h">
      <Filter>Header Files</Filter>
    </ClInclude>
    <ClInclude Include="03_LinearList\ChainList\myExceptions.h">
      <Filter>Header Files</Filter>
    </ClInclude>
  </ItemGroup>
  <ItemGroup>
    <ClCompile Include="05_String_Array_List\String\String.cpp">
      <Filter>Source Files</Filter>
    </ClCompile>
    <ClCompile Include="Graph\Graph_Common\Graph.cpp">
      <Filter>Source Files</Filter>
    </ClCompile>
    <ClCompile Include="SkipList_Hash\source\.main.cpp">
      <Filter>Source Files</Filter>
    </ClCompile>
    <ClCompile Include="SkipList_Hash\source\LZW_compression.cpp">
      <Filter>Source Files</Filter>
    </ClCompile>
    <ClCompile Include="SkipList_Hash\source\UselessStringConvert.cpp">
      <Filter>Source Files</Filter>
    </ClCompile>
    <ClCompile Include=".main.cpp">
      <Filter>Source Files</Filter>
    </ClCompile>
  </ItemGroup>
</Project>